<?xml version="1.0" encoding="utf-8"?>
<Project ToolsVersion="4.0" xmlns="http://schemas.microsoft.com/developer/msbuild/2003">
  <ItemGroup>
    <Filter Include="Source Files">
      <UniqueIdentifier>{4FC737F1-C7A5-4376-A066-2A32D752A2FF}</UniqueIdentifier>
      <Extensions>cpp;c;cc;cxx;def;odl;idl;hpj;bat;asm;asmx</Extensions>
    </Filter>
    <Filter Include="Header Files">
      <UniqueIdentifier>{93995380-89BD-4b04-88EB-625FBE52EBFB}</UniqueIdentifier>
      <Extensions>h;hpp;hxx;hm;inl;inc;xsd</Extensions>
    </Filter>
  </ItemGroup>
  <ItemGroup>
    <None Include="packages.config" />
  </ItemGroup>
  <ItemGroup>
    <ClCompile Include="..\src\gameconf.cpp">
      <Filter>Source Files</Filter>
    </ClCompile>
    <ClCompile Include="..\src\extension.cpp">
      <Filter>Source Files</Filter>
    </ClCompile>
    <ClCompile Include="..\src\addr\nextbot.cpp">
      <Filter>Source Files</Filter>
    </ClCompile>
    <ClCompile Include="..\src\addr\misc.cpp">
      <Filter>Source Files</Filter>
    </ClCompile>
    <ClCompile Include="..\src\addr\vtable.cpp">
      <Filter>Source Files</Filter>
    </ClCompile>
    <ClCompile Include="..\src\addr\addr.cpp">
      <Filter>Source Files</Filter>
    </ClCompile>
    <ClCompile Include="..\src\addr\prescan.cpp">
      <Filter>Source Files</Filter>
    </ClCompile>
    <ClCompile Include="..\src\mod.cpp">
      <Filter>Source Files</Filter>
    </ClCompile>
    <ClCompile Include="..\src\mod\mod_robottickle.cpp">
      <Filter>Source Files</Filter>
    </ClCompile>
    <ClCompile Include="..\src\mod\mod_autocollectspawncredits.cpp">
      <Filter>Source Files</Filter>
    </ClCompile>
    <ClCompile Include="..\src\mod\visualize_deflectcylinder.cpp">
      <Filter>Source Files</Filter>
    </ClCompile>
    <ClCompile Include="..\src\mod\visualize_ehsphere.cpp">
      <Filter>Source Files</Filter>
    </ClCompile>
    <ClCompile Include="..\src\mod\mod_robotheadnoslide.cpp">
      <Filter>Source Files</Filter>
    </ClCompile>
    <ClCompile Include="..\src\mod\mod_botmulticlassitem.cpp">
      <Filter>Source Files</Filter>
    </ClCompile>
    <ClCompile Include="..\src\mod\visualize_airblastbox.cpp">
      <Filter>Source Files</Filter>
    </ClCompile>
    <ClCompile Include="..\src\mod\mod_sniperchargeuncap.cpp">
      <Filter>Source Files</Filter>
    </ClCompile>
    <ClCompile Include="..\src\mod\mod_engienopush.cpp">
      <Filter>Source Files</Filter>
    </ClCompile>
    <ClCompile Include="..\src\mod\mod_stickypusher.cpp">
      <Filter>Source Files</Filter>
    </ClCompile>
    <ClCompile Include="..\src\sm\MemoryUtils.cpp">
      <Filter>Source Files</Filter>
    </ClCompile>
    <ClCompile Include="..\src\sm\detours.cpp">
      <Filter>Source Files</Filter>
    </ClCompile>
    <ClCompile Include="..\src\sdk\smsdk_ext.cpp">
      <Filter>Source Files</Filter>
    </ClCompile>
    <ClCompile Include="..\src\util\backtrace.cpp">
      <Filter>Source Files</Filter>
    </ClCompile>
    <ClCompile Include="..\src\util\rtti.cpp">
      <Filter>Source Files</Filter>
    </ClCompile>
    <ClCompile Include="..\src\util\trace.cpp">
      <Filter>Source Files</Filter>
    </ClCompile>
    <ClCompile Include="..\src\prop.cpp">
      <Filter>Source Files</Filter>
    </ClCompile>
    <ClCompile Include="..\src\sizeof.cpp">
      <Filter>Source Files</Filter>
    </ClCompile>
    <ClCompile Include="..\src\stub\nav.cpp">
      <Filter>Source Files</Filter>
    </ClCompile>
    <ClCompile Include="..\src\stub\gamerules.cpp">
      <Filter>Source Files</Filter>
    </ClCompile>
    <ClCompile Include="..\src\stub\tfbot.cpp">
      <Filter>Source Files</Filter>
    </ClCompile>
    <ClCompile Include="..\src\stub\path.cpp">
      <Filter>Source Files</Filter>
    </ClCompile>
    <ClCompile Include="..\src\stub\tfplayer.cpp">
      <Filter>Source Files</Filter>
    </ClCompile>
    <ClCompile Include="..\src\stub\misc.cpp">
      <Filter>Source Files</Filter>
    </ClCompile>
    <ClCompile Include="..\src\stub\baseentity.cpp">
      <Filter>Source Files</Filter>
    </ClCompile>
    <ClCompile Include="..\src\stub\populators.cpp">
      <Filter>Source Files</Filter>
    </ClCompile>
    <ClCompile Include="..\src\link\nextbot2.cpp">
      <Filter>Source Files</Filter>
    </ClCompile>
    <ClCompile Include="..\src\link\nextbot1.cpp">
      <Filter>Source Files</Filter>
    </ClCompile>
    <ClCompile Include="..\src\link\link.cpp">
      <Filter>Source Files</Filter>
    </ClCompile>
    <ClCompile Include="..\src\library.cpp">
      <Filter>Source Files</Filter>
    </ClCompile>
    <ClCompile Include="..\src\mem\patch.cpp">
      <Filter>Source Files</Filter>
    </ClCompile>
    <ClCompile Include="..\src\mem\scan.cpp">
      <Filter>Source Files</Filter>
    </ClCompile>
    <ClCompile Include="..\src\common.cpp">
      <Filter>Source Files</Filter>
    </ClCompile>
    <ClCompile Include="..\src\sdk2013\debugoverlay_shared.cpp">
      <Filter>Source Files</Filter>
    </ClCompile>
    <ClCompile Include="..\..\sourcemod\public\asm\asm.c">
      <Filter>Source Files</Filter>
    </ClCompile>
  </ItemGroup>
  <ItemGroup>
    <ClInclude Include="..\src\gameconf.h">
      <Filter>Header Files</Filter>
    </ClInclude>
    <ClInclude Include="..\src\abi.h">
      <Filter>Header Files</Filter>
    </ClInclude>
    <ClInclude Include="..\src\library.h">
      <Filter>Header Files</Filter>
    </ClInclude>
    <ClInclude Include="..\src\addr\addr.h">
      <Filter>Header Files</Filter>
    </ClInclude>
    <ClInclude Include="..\src\addr\prescan.h">
      <Filter>Header Files</Filter>
    </ClInclude>
    <ClInclude Include="..\src\sm\MemoryUtils.h">
      <Filter>Header Files</Filter>
    </ClInclude>
    <ClInclude Include="..\src\sm\detours.h">
      <Filter>Header Files</Filter>
    </ClInclude>
    <ClInclude Include="..\src\sm\sm_symtable.h">
      <Filter>Header Files</Filter>
    </ClInclude>
    <ClInclude Include="..\src\common.h">
      <Filter>Header Files</Filter>
    </ClInclude>
    <ClInclude Include="..\src\prop.h">
      <Filter>Header Files</Filter>
    </ClInclude>
    <ClInclude Include="..\src\sdk\smsdk_ext.h">
      <Filter>Header Files</Filter>
    </ClInclude>
    <ClInclude Include="..\src\sdk\smsdk_config.h">
      <Filter>Header Files</Filter>
    </ClInclude>
    <ClInclude Include="..\src\util\backtrace.h">
      <Filter>Header Files</Filter>
    </ClInclude>
    <ClInclude Include="..\src\util\buf.h">
      <Filter>Header Files</Filter>
    </ClInclude>
    <ClInclude Include="..\src\util\trace.h">
      <Filter>Header Files</Filter>
    </ClInclude>
    <ClInclude Include="..\src\util\rtti.h">
      <Filter>Header Files</Filter>
    </ClInclude>
    <ClInclude Include="..\src\util\autolist.h">
      <Filter>Header Files</Filter>
    </ClInclude>
    <ClInclude Include="..\src\util\misc.h">
      <Filter>Header Files</Filter>
    </ClInclude>
    <ClInclude Include="..\src\util\util.h">
      <Filter>Header Files</Filter>
    </ClInclude>
    <ClInclude Include="..\src\util\scope.h">
      <Filter>Header Files</Filter>
    </ClInclude>
    <ClInclude Include="..\src\mod.h">
      <Filter>Header Files</Filter>
    </ClInclude>
    <ClInclude Include="..\src\stub\gamerules.h">
      <Filter>Header Files</Filter>
    </ClInclude>
    <ClInclude Include="..\src\stub\stub.h">
      <Filter>Header Files</Filter>
    </ClInclude>
    <ClInclude Include="..\src\stub\nav.h">
      <Filter>Header Files</Filter>
    </ClInclude>
    <ClInclude Include="..\src\stub\tfbot.h">
      <Filter>Header Files</Filter>
    </ClInclude>
    <ClInclude Include="..\src\stub\tfplayer.h">
      <Filter>Header Files</Filter>
    </ClInclude>
    <ClInclude Include="..\src\stub\baseentity.h">
      <Filter>Header Files</Filter>
    </ClInclude>
    <ClInclude Include="..\src\stub\populators.h">
      <Filter>Header Files</Filter>
    </ClInclude>
    <ClInclude Include="..\src\stub\baseanimating.h">
      <Filter>Header Files</Filter>
    </ClInclude>
    <ClInclude Include="..\src\stub\misc.h">
      <Filter>Header Files</Filter>
    </ClInclude>
    <ClInclude Include="..\src\stub\tfweaponbase.h">
      <Filter>Header Files</Filter>
    </ClInclude>
    <ClInclude Include="..\src\stub\path.h">
      <Filter>Header Files</Filter>
    </ClInclude>
    <ClInclude Include="..\src\link\link.h">
      <Filter>Header Files</Filter>
    </ClInclude>
    <ClInclude Include="..\src\link\vcall.h">
      <Filter>Header Files</Filter>
    </ClInclude>
    <ClInclude Include="..\src\mem\scan.h">
      <Filter>Header Files</Filter>
    </ClInclude>
    <ClInclude Include="..\src\mem\patch.h">
      <Filter>Header Files</Filter>
    </ClInclude>
    <ClInclude Include="..\src\mem\extract.h">
      <Filter>Header Files</Filter>
    </ClInclude>
    <ClInclude Include="..\src\extension.h">
      <Filter>Header Files</Filter>
    </ClInclude>
    <ClInclude Include="..\src\re\path.h">
      <Filter>Header Files</Filter>
    </ClInclude>
    <ClInclude Include="..\src\re\nextbot.h">
      <Filter>Header Files</Filter>
    </ClInclude>
    <ClInclude Include="..\src\sdk2013\valve_minmax_off.h">
      <Filter>Header Files</Filter>
    </ClInclude>
    <ClInclude Include="..\src\sdk2013\fmtstr.h">
      <Filter>Header Files</Filter>
    </ClInclude>
    <ClInclude Include="..\src\sdk2013\basetypes.h">
      <Filter>Header Files</Filter>
    </ClInclude>
    <ClInclude Include="..\src\sdk2013\valve_minmax_on.h">
      <Filter>Header Files</Filter>
    </ClInclude>
    <ClInclude Include="..\src\sdk2013\annotations.h">
      <Filter>Header Files</Filter>
    </ClInclude>
    <ClInclude Include="..\src\sdk2013\util_shared.h">
      <Filter>Header Files</Filter>
    </ClInclude>
    <ClInclude Include="..\..\sourcemod\public\asm\asm.h">
      <Filter>Header Files</Filter>
    </ClInclude>
  </ItemGroup>
</Project>