<?xml version="1.0" encoding="utf-8"?>
<Project ToolsVersion="4.0" xmlns="http://schemas.microsoft.com/developer/msbuild/2003">
  <ItemGroup>
    <Filter Include="Source Files">
      <UniqueIdentifier>{4FC737F1-C7A5-4376-A066-2A32D752A2FF}</UniqueIdentifier>
      <Extensions>cpp;c;cc;cxx;def;odl;idl;hpj;bat;asm;asmx</Extensions>
    </Filter>
    <Filter Include="Header Files">
      <UniqueIdentifier>{93995380-89BD-4b04-88EB-625FBE52EBFB}</UniqueIdentifier>
      <Extensions>h;hpp;hxx;hm;inl;inc;xsd</Extensions>
    </Filter>
  </ItemGroup>
  <ItemGroup>
    <ClCompile Include="$(SOURCEMOD18)\public\asm\asm.c">
      <Filter>Source Files</Filter>
    </ClCompile>
    <ClCompile Include="$(SOURCEMOD18)\public\CDetour\detours.cpp">
      <Filter>Source Files</Filter>
    </ClCompile>
    <ClCompile Include="..\mod.cpp">
      <Filter>Source Files</Filter>
    </ClCompile>
    <ClCompile Include="..\modmanager.cpp">
      <Filter>Source Files</Filter>
    </ClCompile>
    <ClCompile Include="..\patch.cpp">
      <Filter>Source Files</Filter>
    </ClCompile>
    <ClCompile Include="..\prop.cpp">
      <Filter>Source Files</Filter>
    </ClCompile>
    <ClCompile Include="..\sizeof.cpp">
      <Filter>Source Files</Filter>
    </ClCompile>
    <ClCompile Include="..\extension.cpp">
      <Filter>Source Files</Filter>
    </ClCompile>
    <ClCompile Include="..\link\link.cpp">
      <Filter>Source Files</Filter>
    </ClCompile>
    <ClCompile Include="..\link\nextbot1.cpp">
      <Filter>Source Files</Filter>
    </ClCompile>
    <ClCompile Include="..\link\nextbot2.cpp">
      <Filter>Source Files</Filter>
    </ClCompile>
    <ClCompile Include="..\mod\mod_autocollectspawncredits.cpp">
      <Filter>Source Files</Filter>
    </ClCompile>
    <ClCompile Include="..\mod\mod_engienopush.cpp">
      <Filter>Source Files</Filter>
    </ClCompile>
    <ClCompile Include="..\mod\mod_sniperchargeuncap.cpp">
      <Filter>Source Files</Filter>
    </ClCompile>
    <ClCompile Include="..\mod\mod_stickypusher.cpp">
      <Filter>Source Files</Filter>
    </ClCompile>
    <ClCompile Include="..\sdk\smsdk_ext.cpp">
      <Filter>Source Files</Filter>
    </ClCompile>
    <ClCompile Include="..\stub\baseentity.cpp">
      <Filter>Source Files</Filter>
    </ClCompile>
    <ClCompile Include="..\stub\gamerules.cpp">
      <Filter>Source Files</Filter>
    </ClCompile>
    <ClCompile Include="..\stub\nav.cpp">
      <Filter>Source Files</Filter>
    </ClCompile>
    <ClCompile Include="..\stub\populators.cpp">
      <Filter>Source Files</Filter>
    </ClCompile>
    <ClCompile Include="..\stub\tfbot.cpp">
      <Filter>Source Files</Filter>
    </ClCompile>
    <ClCompile Include="..\util\trace.cpp">
      <Filter>Source Files</Filter>
    </ClCompile>
  </ItemGroup>
  <ItemGroup>
    <ClInclude Include="..\mod.h">
      <Filter>Header Files</Filter>
    </ClInclude>
    <ClInclude Include="..\modmanager.h">
      <Filter>Header Files</Filter>
    </ClInclude>
    <ClInclude Include="..\patch.h">
      <Filter>Header Files</Filter>
    </ClInclude>
    <ClInclude Include="..\prop.h">
      <Filter>Header Files</Filter>
    </ClInclude>
    <ClInclude Include="..\re_nextbot.h">
      <Filter>Header Files</Filter>
    </ClInclude>
    <ClInclude Include="..\common.h">
      <Filter>Header Files</Filter>
    </ClInclude>
    <ClInclude Include="..\extension.h">
      <Filter>Header Files</Filter>
    </ClInclude>
    <ClInclude Include="..\extract.h">
      <Filter>Header Files</Filter>
    </ClInclude>
    <ClInclude Include="..\link\link.h">
      <Filter>Header Files</Filter>
    </ClInclude>
    <ClInclude Include="..\sdk\detours.h">
      <Filter>Header Files</Filter>
    </ClInclude>
    <ClInclude Include="..\sdk\smsdk_config.h">
      <Filter>Header Files</Filter>
    </ClInclude>
    <ClInclude Include="..\sdk\smsdk_ext.h">
      <Filter>Header Files</Filter>
    </ClInclude>
    <ClInclude Include="..\sdk2013\annotations.h">
      <Filter>Header Files</Filter>
    </ClInclude>
    <ClInclude Include="..\sdk2013\basetypes.h">
      <Filter>Header Files</Filter>
    </ClInclude>
    <ClInclude Include="..\sdk2013\fmtstr.h">
      <Filter>Header Files</Filter>
    </ClInclude>
    <ClInclude Include="..\sdk2013\util_shared.h">
      <Filter>Header Files</Filter>
    </ClInclude>
    <ClInclude Include="..\sdk2013\valve_minmax_off.h">
      <Filter>Header Files</Filter>
    </ClInclude>
    <ClInclude Include="..\sdk2013\valve_minmax_on.h">
      <Filter>Header Files</Filter>
    </ClInclude>
    <ClInclude Include="..\stub\baseentity.h">
      <Filter>Header Files</Filter>
    </ClInclude>
    <ClInclude Include="..\stub\gamerules.h">
      <Filter>Header Files</Filter>
    </ClInclude>
    <ClInclude Include="..\stub\misc.h">
      <Filter>Header Files</Filter>
    </ClInclude>
    <ClInclude Include="..\stub\nav.h">
      <Filter>Header Files</Filter>
    </ClInclude>
    <ClInclude Include="..\stub\populators.h">
      <Filter>Header Files</Filter>
    </ClInclude>
    <ClInclude Include="..\stub\stub.h">
      <Filter>Header Files</Filter>
    </ClInclude>
    <ClInclude Include="..\stub\tfbot.h">
      <Filter>Header Files</Filter>
    </ClInclude>
    <ClInclude Include="..\util\autolist.h">
      <Filter>Header Files</Filter>
    </ClInclude>
    <ClInclude Include="..\util\misc.h">
      <Filter>Header Files</Filter>
    </ClInclude>
    <ClInclude Include="..\util\scope.h">
      <Filter>Header Files</Filter>
    </ClInclude>
    <ClInclude Include="..\util\trace.h">
      <Filter>Header Files</Filter>
    </ClInclude>
    <ClInclude Include="..\util\util.h">
      <Filter>Header Files</Filter>
    </ClInclude>
  </ItemGroup>
</Project>